// !$*UTF8*$!
{
	archiveVersion = 1;
	classes = {
	};
	objectVersion = 46;
	objects = {

/* Begin PBXBuildFile section */
		39234AFA219CC4450EAEA3BC /* libPods-UltTest.a in Frameworks */ = {isa = PBXBuildFile; fileRef = 5DE56AA16340F22A16274E53 /* libPods-UltTest.a */; settings = {ATTRIBUTES = (Required, ); }; };
		6526B11F22D48668003BABEE /* WQDigitalRollingView.m in Sources */ = {isa = PBXBuildFile; fileRef = 6526B11D22D48668003BABEE /* WQDigitalRollingView.m */; };
		6526B12022D48668003BABEE /* WQDigitalRollingView.h in Headers */ = {isa = PBXBuildFile; fileRef = 6526B11E22D48668003BABEE /* WQDigitalRollingView.h */; };
		6549F3A21EFE5D3B001255AE /* Header.h in Headers */ = {isa = PBXBuildFile; fileRef = 6549F3A01EFE5B20001255AE /* Header.h */; settings = {ATTRIBUTES = (Public, ); }; };
		6549F3A51EFE600D001255AE /* PopupView.h in Headers */ = {isa = PBXBuildFile; fileRef = 6549F3A31EFE600D001255AE /* PopupView.h */; };
		6549F3A61EFE600D001255AE /* PopupView.m in Sources */ = {isa = PBXBuildFile; fileRef = 6549F3A41EFE600D001255AE /* PopupView.m */; };
		655ECCE21FC68CE500ECC583 /* jiazai.gif in Resources */ = {isa = PBXBuildFile; fileRef = 655ECCE11FC68CE500ECC583 /* jiazai.gif */; };
		655ECCE91FC6A14100ECC583 /* RZBBBBB.h in Headers */ = {isa = PBXBuildFile; fileRef = 655ECCE71FC6A14100ECC583 /* RZBBBBB.h */; };
		655ECCEA1FC6A14100ECC583 /* RZBBBBB.m in Sources */ = {isa = PBXBuildFile; fileRef = 655ECCE81FC6A14100ECC583 /* RZBBBBB.m */; };
		65642FB71E98B93E00653AD1 /* 未选中.png in Resources */ = {isa = PBXBuildFile; fileRef = 65642FB51E98B93E00653AD1 /* 未选中.png */; };
		65642FB81E98B93E00653AD1 /* 选中.png in Resources */ = {isa = PBXBuildFile; fileRef = 65642FB61E98B93E00653AD1 /* 选中.png */; };
		656477211F03BE500014A334 /* qwqwq.h in Headers */ = {isa = PBXBuildFile; fileRef = 6564771F1F03BE500014A334 /* qwqwq.h */; };
		656477221F03BE500014A334 /* qwqwq.m in Sources */ = {isa = PBXBuildFile; fileRef = 656477201F03BE500014A334 /* qwqwq.m */; };
		656F483E1E8373E6001D0DAE /* main.m in Sources */ = {isa = PBXBuildFile; fileRef = 656F483D1E8373E6001D0DAE /* main.m */; };
		656F48411E8373E6001D0DAE /* AppDelegate.m in Sources */ = {isa = PBXBuildFile; fileRef = 656F48401E8373E6001D0DAE /* AppDelegate.m */; };
		656F48441E8373E6001D0DAE /* ViewController.m in Sources */ = {isa = PBXBuildFile; fileRef = 656F48431E8373E6001D0DAE /* ViewController.m */; };
		656F48471E8373E6001D0DAE /* Main.storyboard in Resources */ = {isa = PBXBuildFile; fileRef = 656F48451E8373E6001D0DAE /* Main.storyboard */; };
		656F48491E8373E6001D0DAE /* Assets.xcassets in Resources */ = {isa = PBXBuildFile; fileRef = 656F48481E8373E6001D0DAE /* Assets.xcassets */; };
		656F484C1E8373E6001D0DAE /* LaunchScreen.storyboard in Resources */ = {isa = PBXBuildFile; fileRef = 656F484A1E8373E6001D0DAE /* LaunchScreen.storyboard */; };
		656F48571E8373E6001D0DAE /* UltTestTests.m in Sources */ = {isa = PBXBuildFile; fileRef = 656F48561E8373E6001D0DAE /* UltTestTests.m */; };
		656F48621E8373E6001D0DAE /* UltTestUITests.m in Sources */ = {isa = PBXBuildFile; fileRef = 656F48611E8373E6001D0DAE /* UltTestUITests.m */; };
		65913A291EFD346800610656 /* MasnaryVC.m in Sources */ = {isa = PBXBuildFile; fileRef = 65913A271EFD346800610656 /* MasnaryVC.m */; };
		65913A2A1EFD346800610656 /* MasnaryVC.xib in Resources */ = {isa = PBXBuildFile; fileRef = 65913A281EFD346800610656 /* MasnaryVC.xib */; };
		65B400661FC654C20007FBC2 /* MJVC.h in Headers */ = {isa = PBXBuildFile; fileRef = 65B400641FC654C20007FBC2 /* MJVC.h */; };
		65B400671FC654C20007FBC2 /* MJVC.m in Sources */ = {isa = PBXBuildFile; fileRef = 65B400651FC654C20007FBC2 /* MJVC.m */; };
		65B4006B1FC655850007FBC2 /* MineCell.m in Sources */ = {isa = PBXBuildFile; fileRef = 65B400681FC655850007FBC2 /* MineCell.m */; };
		65B4006C1FC655850007FBC2 /* MineCell.xib in Resources */ = {isa = PBXBuildFile; fileRef = 65B400691FC655850007FBC2 /* MineCell.xib */; };
		65B4006D1FC655850007FBC2 /* MineCell.h in Headers */ = {isa = PBXBuildFile; fileRef = 65B4006A1FC655850007FBC2 /* MineCell.h */; };
		65BCF9E61E8BA00500573C45 /* FirstViewController.m in Sources */ = {isa = PBXBuildFile; fileRef = 65BCF9E41E8BA00500573C45 /* FirstViewController.m */; };
		65BCF9E71E8BA00500573C45 /* FirstViewController.xib in Resources */ = {isa = PBXBuildFile; fileRef = 65BCF9E51E8BA00500573C45 /* FirstViewController.xib */; };
		65BCF9EB1E8BA24F00573C45 /* SecondViewController.m in Sources */ = {isa = PBXBuildFile; fileRef = 65BCF9E91E8BA24F00573C45 /* SecondViewController.m */; };
		65BCF9EC1E8BA24F00573C45 /* SecondViewController.xib in Resources */ = {isa = PBXBuildFile; fileRef = 65BCF9EA1E8BA24F00573C45 /* SecondViewController.xib */; };
		65BCF9EF1E8BDDA000573C45 /* BaseUIView.m in Sources */ = {isa = PBXBuildFile; fileRef = 65BCF9EE1E8BDDA000573C45 /* BaseUIView.m */; };
		65C534F81E8F74C700525BB1 /* LogFirstCell.m in Sources */ = {isa = PBXBuildFile; fileRef = 65C534F61E8F74C700525BB1 /* LogFirstCell.m */; };
		65C534F91E8F74C700525BB1 /* LogFirstCell.xib in Resources */ = {isa = PBXBuildFile; fileRef = 65C534F71E8F74C700525BB1 /* LogFirstCell.xib */; };
		65C535051E8F939400525BB1 /* zz.png in Resources */ = {isa = PBXBuildFile; fileRef = 65C535041E8F939400525BB1 /* zz.png */; };
		65DAB6A62008D81D00CBC9FD /* abc@2x.png in Resources */ = {isa = PBXBuildFile; fileRef = 65DAB6A52008D81C00CBC9FD /* abc@2x.png */; };
/* End PBXBuildFile section */

/* Begin PBXContainerItemProxy section */
		656F48531E8373E6001D0DAE /* PBXContainerItemProxy */ = {
			isa = PBXContainerItemProxy;
			containerPortal = 656F48311E8373E6001D0DAE /* Project object */;
			proxyType = 1;
			remoteGlobalIDString = 656F48381E8373E6001D0DAE;
			remoteInfo = UltTest;
		};
		656F485E1E8373E6001D0DAE /* PBXContainerItemProxy */ = {
			isa = PBXContainerItemProxy;
			containerPortal = 656F48311E8373E6001D0DAE /* Project object */;
			proxyType = 1;
			remoteGlobalIDString = 656F48381E8373E6001D0DAE;
			remoteInfo = UltTest;
		};
/* End PBXContainerItemProxy section */

/* Begin PBXFileReference section */
		1DFF242798113F1FF831EC10 /* Pods-UltTest.debug.xcconfig */ = {isa = PBXFileReference; includeInIndex = 1; lastKnownFileType = text.xcconfig; name = "Pods-UltTest.debug.xcconfig"; path = "Pods/Target Support Files/Pods-UltTest/Pods-UltTest.debug.xcconfig"; sourceTree = "<group>"; };
		2847FEDA579BA71AEB6C725F /* Pods-UltTest.release.xcconfig */ = {isa = PBXFileReference; includeInIndex = 1; lastKnownFileType = text.xcconfig; name = "Pods-UltTest.release.xcconfig"; path = "Pods/Target Support Files/Pods-UltTest/Pods-UltTest.release.xcconfig"; sourceTree = "<group>"; };
		5DE56AA16340F22A16274E53 /* libPods-UltTest.a */ = {isa = PBXFileReference; explicitFileType = archive.ar; includeInIndex = 0; path = "libPods-UltTest.a"; sourceTree = BUILT_PRODUCTS_DIR; };
		6526B11D22D48668003BABEE /* WQDigitalRollingView.m */ = {isa = PBXFileReference; fileEncoding = 4; lastKnownFileType = sourcecode.c.objc; path = WQDigitalRollingView.m; sourceTree = "<group>"; };
		6526B11E22D48668003BABEE /* WQDigitalRollingView.h */ = {isa = PBXFileReference; fileEncoding = 4; lastKnownFileType = sourcecode.c.h; path = WQDigitalRollingView.h; sourceTree = "<group>"; };
		6549F39F1EFE59EA001255AE /* PrefixHeader.pch */ = {isa = PBXFileReference; fileEncoding = 4; lastKnownFileType = sourcecode.c.h; path = PrefixHeader.pch; sourceTree = "<group>"; };
		6549F3A01EFE5B20001255AE /* Header.h */ = {isa = PBXFileReference; fileEncoding = 4; lastKnownFileType = sourcecode.c.h; path = Header.h; sourceTree = "<group>"; };
		6549F3A31EFE600D001255AE /* PopupView.h */ = {isa = PBXFileReference; fileEncoding = 4; lastKnownFileType = sourcecode.c.h; path = PopupView.h; sourceTree = "<group>"; };
		6549F3A41EFE600D001255AE /* PopupView.m */ = {isa = PBXFileReference; fileEncoding = 4; lastKnownFileType = sourcecode.c.objc; path = PopupView.m; sourceTree = "<group>"; };
		655ECCE11FC68CE500ECC583 /* jiazai.gif */ = {isa = PBXFileReference; lastKnownFileType = image.gif; path = jiazai.gif; sourceTree = "<group>"; };
		655ECCE71FC6A14100ECC583 /* RZBBBBB.h */ = {isa = PBXFileReference; lastKnownFileType = sourcecode.c.h; path = RZBBBBB.h; sourceTree = "<group>"; };
		655ECCE81FC6A14100ECC583 /* RZBBBBB.m */ = {isa = PBXFileReference; lastKnownFileType = sourcecode.c.objc; path = RZBBBBB.m; sourceTree = "<group>"; };
		65642FB51E98B93E00653AD1 /* 未选中.png */ = {isa = PBXFileReference; lastKnownFileType = image.png; path = "未选中.png"; sourceTree = "<group>"; };
		65642FB61E98B93E00653AD1 /* 选中.png */ = {isa = PBXFileReference; lastKnownFileType = image.png; path = "选中.png"; sourceTree = "<group>"; };
		6564771F1F03BE500014A334 /* qwqwq.h */ = {isa = PBXFileReference; fileEncoding = 4; lastKnownFileType = sourcecode.c.h; path = qwqwq.h; sourceTree = "<group>"; };
		656477201F03BE500014A334 /* qwqwq.m */ = {isa = PBXFileReference; fileEncoding = 4; lastKnownFileType = sourcecode.c.objc; path = qwqwq.m; sourceTree = "<group>"; };
		656F48391E8373E6001D0DAE /* UltTest.app */ = {isa = PBXFileReference; explicitFileType = wrapper.application; includeInIndex = 0; path = UltTest.app; sourceTree = BUILT_PRODUCTS_DIR; };
		656F483D1E8373E6001D0DAE /* main.m */ = {isa = PBXFileReference; lastKnownFileType = sourcecode.c.objc; path = main.m; sourceTree = "<group>"; };
		656F483F1E8373E6001D0DAE /* AppDelegate.h */ = {isa = PBXFileReference; lastKnownFileType = sourcecode.c.h; path = AppDelegate.h; sourceTree = "<group>"; };
		656F48401E8373E6001D0DAE /* AppDelegate.m */ = {isa = PBXFileReference; lastKnownFileType = sourcecode.c.objc; path = AppDelegate.m; sourceTree = "<group>"; };
		656F48421E8373E6001D0DAE /* ViewController.h */ = {isa = PBXFileReference; lastKnownFileType = sourcecode.c.h; path = ViewController.h; sourceTree = "<group>"; };
		656F48431E8373E6001D0DAE /* ViewController.m */ = {isa = PBXFileReference; lastKnownFileType = sourcecode.c.objc; path = ViewController.m; sourceTree = "<group>"; };
		656F48461E8373E6001D0DAE /* Base */ = {isa = PBXFileReference; lastKnownFileType = file.storyboard; name = Base; path = Base.lproj/Main.storyboard; sourceTree = "<group>"; };
		656F48481E8373E6001D0DAE /* Assets.xcassets */ = {isa = PBXFileReference; lastKnownFileType = folder.assetcatalog; path = Assets.xcassets; sourceTree = "<group>"; };
		656F484B1E8373E6001D0DAE /* Base */ = {isa = PBXFileReference; lastKnownFileType = file.storyboard; name = Base; path = Base.lproj/LaunchScreen.storyboard; sourceTree = "<group>"; };
		656F484D1E8373E6001D0DAE /* Info.plist */ = {isa = PBXFileReference; lastKnownFileType = text.plist.xml; path = Info.plist; sourceTree = "<group>"; };
		656F48521E8373E6001D0DAE /* UltTestTests.xctest */ = {isa = PBXFileReference; explicitFileType = wrapper.cfbundle; includeInIndex = 0; path = UltTestTests.xctest; sourceTree = BUILT_PRODUCTS_DIR; };
		656F48561E8373E6001D0DAE /* UltTestTests.m */ = {isa = PBXFileReference; lastKnownFileType = sourcecode.c.objc; path = UltTestTests.m; sourceTree = "<group>"; };
		656F48581E8373E6001D0DAE /* Info.plist */ = {isa = PBXFileReference; lastKnownFileType = text.plist.xml; path = Info.plist; sourceTree = "<group>"; };
		656F485D1E8373E6001D0DAE /* UltTestUITests.xctest */ = {isa = PBXFileReference; explicitFileType = wrapper.cfbundle; includeInIndex = 0; path = UltTestUITests.xctest; sourceTree = BUILT_PRODUCTS_DIR; };
		656F48611E8373E6001D0DAE /* UltTestUITests.m */ = {isa = PBXFileReference; lastKnownFileType = sourcecode.c.objc; path = UltTestUITests.m; sourceTree = "<group>"; };
		656F48631E8373E6001D0DAE /* Info.plist */ = {isa = PBXFileReference; lastKnownFileType = text.plist.xml; path = Info.plist; sourceTree = "<group>"; };
		65913A261EFD346800610656 /* MasnaryVC.h */ = {isa = PBXFileReference; fileEncoding = 4; lastKnownFileType = sourcecode.c.h; path = MasnaryVC.h; sourceTree = "<group>"; };
		65913A271EFD346800610656 /* MasnaryVC.m */ = {isa = PBXFileReference; fileEncoding = 4; lastKnownFileType = sourcecode.c.objc; path = MasnaryVC.m; sourceTree = "<group>"; };
		65913A281EFD346800610656 /* MasnaryVC.xib */ = {isa = PBXFileReference; fileEncoding = 4; lastKnownFileType = file.xib; path = MasnaryVC.xib; sourceTree = "<group>"; };
		65B400641FC654C20007FBC2 /* MJVC.h */ = {isa = PBXFileReference; lastKnownFileType = sourcecode.c.h; path = MJVC.h; sourceTree = "<group>"; };
		65B400651FC654C20007FBC2 /* MJVC.m */ = {isa = PBXFileReference; lastKnownFileType = sourcecode.c.objc; path = MJVC.m; sourceTree = "<group>"; };
		65B400681FC655850007FBC2 /* MineCell.m */ = {isa = PBXFileReference; fileEncoding = 4; lastKnownFileType = sourcecode.c.objc; path = MineCell.m; sourceTree = "<group>"; };
		65B400691FC655850007FBC2 /* MineCell.xib */ = {isa = PBXFileReference; fileEncoding = 4; lastKnownFileType = file.xib; path = MineCell.xib; sourceTree = "<group>"; };
		65B4006A1FC655850007FBC2 /* MineCell.h */ = {isa = PBXFileReference; fileEncoding = 4; lastKnownFileType = sourcecode.c.h; path = MineCell.h; sourceTree = "<group>"; };
		65BCF9E31E8BA00500573C45 /* FirstViewController.h */ = {isa = PBXFileReference; fileEncoding = 4; lastKnownFileType = sourcecode.c.h; path = FirstViewController.h; sourceTree = "<group>"; };
		65BCF9E41E8BA00500573C45 /* FirstViewController.m */ = {isa = PBXFileReference; fileEncoding = 4; lastKnownFileType = sourcecode.c.objc; path = FirstViewController.m; sourceTree = "<group>"; };
		65BCF9E51E8BA00500573C45 /* FirstViewController.xib */ = {isa = PBXFileReference; fileEncoding = 4; lastKnownFileType = file.xib; path = FirstViewController.xib; sourceTree = "<group>"; };
		65BCF9E81E8BA24F00573C45 /* SecondViewController.h */ = {isa = PBXFileReference; fileEncoding = 4; lastKnownFileType = sourcecode.c.h; path = SecondViewController.h; sourceTree = "<group>"; };
		65BCF9E91E8BA24F00573C45 /* SecondViewController.m */ = {isa = PBXFileReference; fileEncoding = 4; lastKnownFileType = sourcecode.c.objc; path = SecondViewController.m; sourceTree = "<group>"; };
		65BCF9EA1E8BA24F00573C45 /* SecondViewController.xib */ = {isa = PBXFileReference; fileEncoding = 4; lastKnownFileType = file.xib; path = SecondViewController.xib; sourceTree = "<group>"; };
		65BCF9ED1E8BDDA000573C45 /* BaseUIView.h */ = {isa = PBXFileReference; fileEncoding = 4; lastKnownFileType = sourcecode.c.h; path = BaseUIView.h; sourceTree = "<group>"; };
		65BCF9EE1E8BDDA000573C45 /* BaseUIView.m */ = {isa = PBXFileReference; fileEncoding = 4; lastKnownFileType = sourcecode.c.objc; path = BaseUIView.m; sourceTree = "<group>"; };
		65C534F51E8F74C700525BB1 /* LogFirstCell.h */ = {isa = PBXFileReference; fileEncoding = 4; lastKnownFileType = sourcecode.c.h; path = LogFirstCell.h; sourceTree = "<group>"; };
		65C534F61E8F74C700525BB1 /* LogFirstCell.m */ = {isa = PBXFileReference; fileEncoding = 4; lastKnownFileType = sourcecode.c.objc; path = LogFirstCell.m; sourceTree = "<group>"; };
		65C534F71E8F74C700525BB1 /* LogFirstCell.xib */ = {isa = PBXFileReference; fileEncoding = 4; lastKnownFileType = file.xib; path = LogFirstCell.xib; sourceTree = "<group>"; };
		65C535041E8F939400525BB1 /* zz.png */ = {isa = PBXFileReference; lastKnownFileType = image.png; path = zz.png; sourceTree = "<group>"; };
		65DAB6A52008D81C00CBC9FD /* abc@2x.png */ = {isa = PBXFileReference; lastKnownFileType = image.png; path = "abc@2x.png"; sourceTree = "<group>"; };
/* End PBXFileReference section */

/* Begin PBXFrameworksBuildPhase section */
		656F48361E8373E6001D0DAE /* Frameworks */ = {
			isa = PBXFrameworksBuildPhase;
			buildActionMask = 2147483647;
			files = (
				39234AFA219CC4450EAEA3BC /* libPods-UltTest.a in Frameworks */,
			);
			runOnlyForDeploymentPostprocessing = 0;
		};
		656F484F1E8373E6001D0DAE /* Frameworks */ = {
			isa = PBXFrameworksBuildPhase;
			buildActionMask = 2147483647;
			files = (
			);
			runOnlyForDeploymentPostprocessing = 0;
		};
		656F485A1E8373E6001D0DAE /* Frameworks */ = {
			isa = PBXFrameworksBuildPhase;
			buildActionMask = 2147483647;
			files = (
			);
			runOnlyForDeploymentPostprocessing = 0;
		};
/* End PBXFrameworksBuildPhase section */

/* Begin PBXGroup section */
		6526B11C22D48668003BABEE /* WQDigitalRollingView */ = {
			isa = PBXGroup;
			children = (
				6526B11E22D48668003BABEE /* WQDigitalRollingView.h */,
				6526B11D22D48668003BABEE /* WQDigitalRollingView.m */,
			);
			path = WQDigitalRollingView;
			sourceTree = "<group>";
		};
		656F48301E8373E6001D0DAE = {
			isa = PBXGroup;
			children = (
				656F483B1E8373E6001D0DAE /* UltTest */,
				656F48551E8373E6001D0DAE /* UltTestTests */,
				656F48601E8373E6001D0DAE /* UltTestUITests */,
				656F483A1E8373E6001D0DAE /* Products */,
				8FE5E231F53DFD72920B2900 /* Pods */,
				EA43EE4C620FDBF178F52661 /* Frameworks */,
			);
			sourceTree = "<group>";
		};
		656F483A1E8373E6001D0DAE /* Products */ = {
			isa = PBXGroup;
			children = (
				656F48391E8373E6001D0DAE /* UltTest.app */,
				656F48521E8373E6001D0DAE /* UltTestTests.xctest */,
				656F485D1E8373E6001D0DAE /* UltTestUITests.xctest */,
			);
			name = Products;
			sourceTree = "<group>";
		};
		656F483B1E8373E6001D0DAE /* UltTest */ = {
			isa = PBXGroup;
			children = (
				6526B11C22D48668003BABEE /* WQDigitalRollingView */,
				65913A1A1EFD337500610656 /* old */,
				65913A1B1EFD33D800610656 /* Classes */,
				656F483C1E8373E6001D0DAE /* Supporting Files */,
			);
			path = UltTest;
			sourceTree = "<group>";
		};
		656F483C1E8373E6001D0DAE /* Supporting Files */ = {
			isa = PBXGroup;
			children = (
				6549F39F1EFE59EA001255AE /* PrefixHeader.pch */,
				6549F3A01EFE5B20001255AE /* Header.h */,
				656F483F1E8373E6001D0DAE /* AppDelegate.h */,
				656F48401E8373E6001D0DAE /* AppDelegate.m */,
				656F48421E8373E6001D0DAE /* ViewController.h */,
				656F48431E8373E6001D0DAE /* ViewController.m */,
				656F48451E8373E6001D0DAE /* Main.storyboard */,
				656F48481E8373E6001D0DAE /* Assets.xcassets */,
				656F484A1E8373E6001D0DAE /* LaunchScreen.storyboard */,
				656F484D1E8373E6001D0DAE /* Info.plist */,
				656F483D1E8373E6001D0DAE /* main.m */,
			);
			name = "Supporting Files";
			sourceTree = "<group>";
		};
		656F48551E8373E6001D0DAE /* UltTestTests */ = {
			isa = PBXGroup;
			children = (
				656F48561E8373E6001D0DAE /* UltTestTests.m */,
				656F48581E8373E6001D0DAE /* Info.plist */,
			);
			path = UltTestTests;
			sourceTree = "<group>";
		};
		656F48601E8373E6001D0DAE /* UltTestUITests */ = {
			isa = PBXGroup;
			children = (
				656F48611E8373E6001D0DAE /* UltTestUITests.m */,
				656F48631E8373E6001D0DAE /* Info.plist */,
			);
			path = UltTestUITests;
			sourceTree = "<group>";
		};
		65913A1A1EFD337500610656 /* old */ = {
			isa = PBXGroup;
			children = (
				65642FB51E98B93E00653AD1 /* 未选中.png */,
				65642FB61E98B93E00653AD1 /* 选中.png */,
				65BCF9ED1E8BDDA000573C45 /* BaseUIView.h */,
				65BCF9EE1E8BDDA000573C45 /* BaseUIView.m */,
				65BCF9E31E8BA00500573C45 /* FirstViewController.h */,
				65BCF9E41E8BA00500573C45 /* FirstViewController.m */,
				65BCF9E51E8BA00500573C45 /* FirstViewController.xib */,
				65C534F51E8F74C700525BB1 /* LogFirstCell.h */,
				65C534F61E8F74C700525BB1 /* LogFirstCell.m */,
				65C534F71E8F74C700525BB1 /* LogFirstCell.xib */,
				65BCF9E81E8BA24F00573C45 /* SecondViewController.h */,
				65BCF9E91E8BA24F00573C45 /* SecondViewController.m */,
				65C535041E8F939400525BB1 /* zz.png */,
				65BCF9EA1E8BA24F00573C45 /* SecondViewController.xib */,
			);
			name = old;
			sourceTree = "<group>";
		};
		65913A1B1EFD33D800610656 /* Classes */ = {
			isa = PBXGroup;
			children = (
				65B400631FC654A90007FBC2 /* new */,
				65B400621FC654910007FBC2 /* old */,
			);
			path = Classes;
			sourceTree = "<group>";
		};
		65B400621FC654910007FBC2 /* old */ = {
			isa = PBXGroup;
			children = (
				65913A261EFD346800610656 /* MasnaryVC.h */,
				65913A271EFD346800610656 /* MasnaryVC.m */,
				6549F3A31EFE600D001255AE /* PopupView.h */,
				6549F3A41EFE600D001255AE /* PopupView.m */,
				65913A281EFD346800610656 /* MasnaryVC.xib */,
				6564771F1F03BE500014A334 /* qwqwq.h */,
				656477201F03BE500014A334 /* qwqwq.m */,
			);
			path = old;
			sourceTree = "<group>";
		};
		65B400631FC654A90007FBC2 /* new */ = {
			isa = PBXGroup;
			children = (
				65DAB6A52008D81C00CBC9FD /* abc@2x.png */,
				655ECCE11FC68CE500ECC583 /* jiazai.gif */,
				655ECCE71FC6A14100ECC583 /* RZBBBBB.h */,
				655ECCE81FC6A14100ECC583 /* RZBBBBB.m */,
				65B400641FC654C20007FBC2 /* MJVC.h */,
				65B400651FC654C20007FBC2 /* MJVC.m */,
				65B4006A1FC655850007FBC2 /* MineCell.h */,
				65B400681FC655850007FBC2 /* MineCell.m */,
				65B400691FC655850007FBC2 /* MineCell.xib */,
			);
			path = new;
			sourceTree = "<group>";
		};
		8FE5E231F53DFD72920B2900 /* Pods */ = {
			isa = PBXGroup;
			children = (
				1DFF242798113F1FF831EC10 /* Pods-UltTest.debug.xcconfig */,
				2847FEDA579BA71AEB6C725F /* Pods-UltTest.release.xcconfig */,
			);
			name = Pods;
			sourceTree = "<group>";
		};
		EA43EE4C620FDBF178F52661 /* Frameworks */ = {
			isa = PBXGroup;
			children = (
				5DE56AA16340F22A16274E53 /* libPods-UltTest.a */,
			);
			name = Frameworks;
			sourceTree = "<group>";
		};
/* End PBXGroup section */

/* Begin PBXHeadersBuildPhase section */
		6549F3A11EFE5D28001255AE /* Headers */ = {
			isa = PBXHeadersBuildPhase;
			buildActionMask = 2147483647;
			files = (
				655ECCE91FC6A14100ECC583 /* RZBBBBB.h in Headers */,
				65B400661FC654C20007FBC2 /* MJVC.h in Headers */,
				656477211F03BE500014A334 /* qwqwq.h in Headers */,
				6526B12022D48668003BABEE /* WQDigitalRollingView.h in Headers */,
				6549F3A51EFE600D001255AE /* PopupView.h in Headers */,
				65B4006D1FC655850007FBC2 /* MineCell.h in Headers */,
				6549F3A21EFE5D3B001255AE /* Header.h in Headers */,
			);
			runOnlyForDeploymentPostprocessing = 0;
		};
/* End PBXHeadersBuildPhase section */

/* Begin PBXNativeTarget section */
		656F48381E8373E6001D0DAE /* UltTest */ = {
			isa = PBXNativeTarget;
			buildConfigurationList = 656F48661E8373E6001D0DAE /* Build configuration list for PBXNativeTarget "UltTest" */;
			buildPhases = (
				74CF1DE715D4409C76A147A0 /* [CP] Check Pods Manifest.lock */,
				656F48351E8373E6001D0DAE /* Sources */,
				656F48361E8373E6001D0DAE /* Frameworks */,
				656F48371E8373E6001D0DAE /* Resources */,
				8C22188D65F6669864145815 /* [CP] Embed Pods Frameworks */,
				1B183A84B0361E7728A72BD5 /* [CP] Copy Pods Resources */,
				6549F3A11EFE5D28001255AE /* Headers */,
			);
			buildRules = (
			);
			dependencies = (
			);
			name = UltTest;
			productName = UltTest;
			productReference = 656F48391E8373E6001D0DAE /* UltTest.app */;
			productType = "com.apple.product-type.application";
		};
		656F48511E8373E6001D0DAE /* UltTestTests */ = {
			isa = PBXNativeTarget;
			buildConfigurationList = 656F48691E8373E6001D0DAE /* Build configuration list for PBXNativeTarget "UltTestTests" */;
			buildPhases = (
				656F484E1E8373E6001D0DAE /* Sources */,
				656F484F1E8373E6001D0DAE /* Frameworks */,
				656F48501E8373E6001D0DAE /* Resources */,
			);
			buildRules = (
			);
			dependencies = (
				656F48541E8373E6001D0DAE /* PBXTargetDependency */,
			);
			name = UltTestTests;
			productName = UltTestTests;
			productReference = 656F48521E8373E6001D0DAE /* UltTestTests.xctest */;
			productType = "com.apple.product-type.bundle.unit-test";
		};
		656F485C1E8373E6001D0DAE /* UltTestUITests */ = {
			isa = PBXNativeTarget;
			buildConfigurationList = 656F486C1E8373E6001D0DAE /* Build configuration list for PBXNativeTarget "UltTestUITests" */;
			buildPhases = (
				656F48591E8373E6001D0DAE /* Sources */,
				656F485A1E8373E6001D0DAE /* Frameworks */,
				656F485B1E8373E6001D0DAE /* Resources */,
			);
			buildRules = (
			);
			dependencies = (
				656F485F1E8373E6001D0DAE /* PBXTargetDependency */,
			);
			name = UltTestUITests;
			productName = UltTestUITests;
			productReference = 656F485D1E8373E6001D0DAE /* UltTestUITests.xctest */;
			productType = "com.apple.product-type.bundle.ui-testing";
		};
/* End PBXNativeTarget section */

/* Begin PBXProject section */
		656F48311E8373E6001D0DAE /* Project object */ = {
			isa = PBXProject;
			attributes = {
				LastUpgradeCheck = 0820;
				ORGANIZATIONNAME = Rookie;
				TargetAttributes = {
					656F48381E8373E6001D0DAE = {
						CreatedOnToolsVersion = 8.2.1;
						DevelopmentTeam = M784HRVP34;
						ProvisioningStyle = Automatic;
					};
					656F48511E8373E6001D0DAE = {
						CreatedOnToolsVersion = 8.2.1;
						DevelopmentTeam = UGTB456Y9G;
						ProvisioningStyle = Automatic;
						TestTargetID = 656F48381E8373E6001D0DAE;
					};
					656F485C1E8373E6001D0DAE = {
						CreatedOnToolsVersion = 8.2.1;
						DevelopmentTeam = UGTB456Y9G;
						ProvisioningStyle = Automatic;
						TestTargetID = 656F48381E8373E6001D0DAE;
					};
				};
			};
			buildConfigurationList = 656F48341E8373E6001D0DAE /* Build configuration list for PBXProject "UltTest" */;
			compatibilityVersion = "Xcode 3.2";
			developmentRegion = English;
			hasScannedForEncodings = 0;
			knownRegions = (
				English,
				en,
				Base,
			);
			mainGroup = 656F48301E8373E6001D0DAE;
			productRefGroup = 656F483A1E8373E6001D0DAE /* Products */;
			projectDirPath = "";
			projectRoot = "";
			targets = (
				656F48381E8373E6001D0DAE /* UltTest */,
				656F48511E8373E6001D0DAE /* UltTestTests */,
				656F485C1E8373E6001D0DAE /* UltTestUITests */,
			);
		};
/* End PBXProject section */

/* Begin PBXResourcesBuildPhase section */
		656F48371E8373E6001D0DAE /* Resources */ = {
			isa = PBXResourcesBuildPhase;
			buildActionMask = 2147483647;
			files = (
				65C535051E8F939400525BB1 /* zz.png in Resources */,
				656F484C1E8373E6001D0DAE /* LaunchScreen.storyboard in Resources */,
				65642FB81E98B93E00653AD1 /* 选中.png in Resources */,
				65642FB71E98B93E00653AD1 /* 未选中.png in Resources */,
				65913A2A1EFD346800610656 /* MasnaryVC.xib in Resources */,
				65B4006C1FC655850007FBC2 /* MineCell.xib in Resources */,
				655ECCE21FC68CE500ECC583 /* jiazai.gif in Resources */,
				656F48491E8373E6001D0DAE /* Assets.xcassets in Resources */,
				656F48471E8373E6001D0DAE /* Main.storyboard in Resources */,
				65C534F91E8F74C700525BB1 /* LogFirstCell.xib in Resources */,
				65DAB6A62008D81D00CBC9FD /* abc@2x.png in Resources */,
				65BCF9E71E8BA00500573C45 /* FirstViewController.xib in Resources */,
				65BCF9EC1E8BA24F00573C45 /* SecondViewController.xib in Resources */,
			);
			runOnlyForDeploymentPostprocessing = 0;
		};
		656F48501E8373E6001D0DAE /* Resources */ = {
			isa = PBXResourcesBuildPhase;
			buildActionMask = 2147483647;
			files = (
			);
			runOnlyForDeploymentPostprocessing = 0;
		};
		656F485B1E8373E6001D0DAE /* Resources */ = {
			isa = PBXResourcesBuildPhase;
			buildActionMask = 2147483647;
			files = (
			);
			runOnlyForDeploymentPostprocessing = 0;
		};
/* End PBXResourcesBuildPhase section */

/* Begin PBXShellScriptBuildPhase section */
		1B183A84B0361E7728A72BD5 /* [CP] Copy Pods Resources */ = {
			isa = PBXShellScriptBuildPhase;
			buildActionMask = 2147483647;
			files = (
			);
			inputPaths = (
				"${SRCROOT}/Pods/Target Support Files/Pods-UltTest/Pods-UltTest-resources.sh",
				"${PODS_ROOT}/MJRefresh/MJRefresh/MJRefresh.bundle",
			);
			name = "[CP] Copy Pods Resources";
			outputPaths = (
				"${TARGET_BUILD_DIR}/${UNLOCALIZED_RESOURCES_FOLDER_PATH}",
			);
			runOnlyForDeploymentPostprocessing = 0;
			shellPath = /bin/sh;
			shellScript = "\"${SRCROOT}/Pods/Target Support Files/Pods-UltTest/Pods-UltTest-resources.sh\"\n";
			showEnvVarsInLog = 0;
		};
		74CF1DE715D4409C76A147A0 /* [CP] Check Pods Manifest.lock */ = {
			isa = PBXShellScriptBuildPhase;
			buildActionMask = 2147483647;
			files = (
			);
			inputPaths = (
				"${PODS_PODFILE_DIR_PATH}/Podfile.lock",
				"${PODS_ROOT}/Manifest.lock",
			);
			name = "[CP] Check Pods Manifest.lock";
			outputPaths = (
				"$(DERIVED_FILE_DIR)/Pods-UltTest-checkManifestLockResult.txt",
			);
			runOnlyForDeploymentPostprocessing = 0;
			shellPath = /bin/sh;
			shellScript = "diff \"${PODS_PODFILE_DIR_PATH}/Podfile.lock\" \"${PODS_ROOT}/Manifest.lock\" > /dev/null\nif [ $? != 0 ] ; then\n    # print error to STDERR\n    echo \"error: The sandbox is not in sync with the Podfile.lock. Run 'pod install' or update your CocoaPods installation.\" >&2\n    exit 1\nfi\n# This output is used by Xcode 'outputs' to avoid re-running this script phase.\necho \"SUCCESS\" > \"${SCRIPT_OUTPUT_FILE_0}\"\n";
			showEnvVarsInLog = 0;
		};
		8C22188D65F6669864145815 /* [CP] Embed Pods Frameworks */ = {
			isa = PBXShellScriptBuildPhase;
			buildActionMask = 2147483647;
			files = (
			);
			inputPaths = (
			);
			name = "[CP] Embed Pods Frameworks";
			outputPaths = (
			);
			runOnlyForDeploymentPostprocessing = 0;
			shellPath = /bin/sh;
			shellScript = "\"${SRCROOT}/Pods/Target Support Files/Pods-UltTest/Pods-UltTest-frameworks.sh\"\n";
			showEnvVarsInLog = 0;
		};
/* End PBXShellScriptBuildPhase section */

/* Begin PBXSourcesBuildPhase section */
		656F48351E8373E6001D0DAE /* Sources */ = {
			isa = PBXSourcesBuildPhase;
			buildActionMask = 2147483647;
			files = (
				65BCF9EB1E8BA24F00573C45 /* SecondViewController.m in Sources */,
				65B400671FC654C20007FBC2 /* MJVC.m in Sources */,
				65B4006B1FC655850007FBC2 /* MineCell.m in Sources */,
				655ECCEA1FC6A14100ECC583 /* RZBBBBB.m in Sources */,
				65C534F81E8F74C700525BB1 /* LogFirstCell.m in Sources */,
				65913A291EFD346800610656 /* MasnaryVC.m in Sources */,
				656F48441E8373E6001D0DAE /* ViewController.m in Sources */,
				656F48411E8373E6001D0DAE /* AppDelegate.m in Sources */,
				656F483E1E8373E6001D0DAE /* main.m in Sources */,
				6549F3A61EFE600D001255AE /* PopupView.m in Sources */,
				656477221F03BE500014A334 /* qwqwq.m in Sources */,
				6526B11F22D48668003BABEE /* WQDigitalRollingView.m in Sources */,
				65BCF9E61E8BA00500573C45 /* FirstViewController.m in Sources */,
				65BCF9EF1E8BDDA000573C45 /* BaseUIView.m in Sources */,
			);
			runOnlyForDeploymentPostprocessing = 0;
		};
		656F484E1E8373E6001D0DAE /* Sources */ = {
			isa = PBXSourcesBuildPhase;
			buildActionMask = 2147483647;
			files = (
				656F48571E8373E6001D0DAE /* UltTestTests.m in Sources */,
			);
			runOnlyForDeploymentPostprocessing = 0;
		};
		656F48591E8373E6001D0DAE /* Sources */ = {
			isa = PBXSourcesBuildPhase;
			buildActionMask = 2147483647;
			files = (
				656F48621E8373E6001D0DAE /* UltTestUITests.m in Sources */,
			);
			runOnlyForDeploymentPostprocessing = 0;
		};
/* End PBXSourcesBuildPhase section */

/* Begin PBXTargetDependency section */
		656F48541E8373E6001D0DAE /* PBXTargetDependency */ = {
			isa = PBXTargetDependency;
			target = 656F48381E8373E6001D0DAE /* UltTest */;
			targetProxy = 656F48531E8373E6001D0DAE /* PBXContainerItemProxy */;
		};
		656F485F1E8373E6001D0DAE /* PBXTargetDependency */ = {
			isa = PBXTargetDependency;
			target = 656F48381E8373E6001D0DAE /* UltTest */;
			targetProxy = 656F485E1E8373E6001D0DAE /* PBXContainerItemProxy */;
		};
/* End PBXTargetDependency section */

/* Begin PBXVariantGroup section */
		656F48451E8373E6001D0DAE /* Main.storyboard */ = {
			isa = PBXVariantGroup;
			children = (
				656F48461E8373E6001D0DAE /* Base */,
			);
			name = Main.storyboard;
			sourceTree = "<group>";
		};
		656F484A1E8373E6001D0DAE /* LaunchScreen.storyboard */ = {
			isa = PBXVariantGroup;
			children = (
				656F484B1E8373E6001D0DAE /* Base */,
			);
			name = LaunchScreen.storyboard;
			sourceTree = "<group>";
		};
/* End PBXVariantGroup section */

/* Begin XCBuildConfiguration section */
		656F48641E8373E6001D0DAE /* Debug */ = {
			isa = XCBuildConfiguration;
			buildSettings = {
				ALWAYS_SEARCH_USER_PATHS = NO;
				CLANG_ANALYZER_NONNULL = YES;
				CLANG_CXX_LANGUAGE_STANDARD = "gnu++0x";
				CLANG_CXX_LIBRARY = "libc++";
				CLANG_ENABLE_MODULES = YES;
				CLANG_ENABLE_OBJC_ARC = YES;
				CLANG_WARN_BOOL_CONVERSION = YES;
				CLANG_WARN_CONSTANT_CONVERSION = YES;
				CLANG_WARN_DIRECT_OBJC_ISA_USAGE = YES_ERROR;
				CLANG_WARN_DOCUMENTATION_COMMENTS = YES;
				CLANG_WARN_EMPTY_BODY = YES;
				CLANG_WARN_ENUM_CONVERSION = YES;
				CLANG_WARN_INFINITE_RECURSION = YES;
				CLANG_WARN_INT_CONVERSION = YES;
				CLANG_WARN_OBJC_ROOT_CLASS = YES_ERROR;
				CLANG_WARN_SUSPICIOUS_MOVE = YES;
				CLANG_WARN_UNREACHABLE_CODE = YES;
				CLANG_WARN__DUPLICATE_METHOD_MATCH = YES;
				"CODE_SIGN_IDENTITY[sdk=iphoneos*]" = "iPhone Developer";
				COPY_PHASE_STRIP = NO;
				DEBUG_INFORMATION_FORMAT = dwarf;
				ENABLE_STRICT_OBJC_MSGSEND = YES;
				ENABLE_TESTABILITY = YES;
				GCC_C_LANGUAGE_STANDARD = gnu99;
				GCC_DYNAMIC_NO_PIC = NO;
				GCC_NO_COMMON_BLOCKS = YES;
				GCC_OPTIMIZATION_LEVEL = 0;
				GCC_PREPROCESSOR_DEFINITIONS = (
					"DEBUG=1",
					"$(inherited)",
				);
				GCC_WARN_64_TO_32_BIT_CONVERSION = YES;
				GCC_WARN_ABOUT_RETURN_TYPE = YES_ERROR;
				GCC_WARN_UNDECLARED_SELECTOR = YES;
				GCC_WARN_UNINITIALIZED_AUTOS = YES_AGGRESSIVE;
				GCC_WARN_UNUSED_FUNCTION = YES;
				GCC_WARN_UNUSED_VARIABLE = YES;
				IPHONEOS_DEPLOYMENT_TARGET = 10.2;
				MTL_ENABLE_DEBUG_INFO = YES;
				ONLY_ACTIVE_ARCH = YES;
				SDKROOT = iphoneos;
				TARGETED_DEVICE_FAMILY = "1,2";
			};
			name = Debug;
		};
		656F48651E8373E6001D0DAE /* Release */ = {
			isa = XCBuildConfiguration;
			buildSettings = {
				ALWAYS_SEARCH_USER_PATHS = NO;
				CLANG_ANALYZER_NONNULL = YES;
				CLANG_CXX_LANGUAGE_STANDARD = "gnu++0x";
				CLANG_CXX_LIBRARY = "libc++";
				CLANG_ENABLE_MODULES = YES;
				CLANG_ENABLE_OBJC_ARC = YES;
				CLANG_WARN_BOOL_CONVERSION = YES;
				CLANG_WARN_CONSTANT_CONVERSION = YES;
				CLANG_WARN_DIRECT_OBJC_ISA_USAGE = YES_ERROR;
				CLANG_WARN_DOCUMENTATION_COMMENTS = YES;
				CLANG_WARN_EMPTY_BODY = YES;
				CLANG_WARN_ENUM_CONVERSION = YES;
				CLANG_WARN_INFINITE_RECURSION = YES;
				CLANG_WARN_INT_CONVERSION = YES;
				CLANG_WARN_OBJC_ROOT_CLASS = YES_ERROR;
				CLANG_WARN_SUSPICIOUS_MOVE = YES;
				CLANG_WARN_UNREACHABLE_CODE = YES;
				CLANG_WARN__DUPLICATE_METHOD_MATCH = YES;
				"CODE_SIGN_IDENTITY[sdk=iphoneos*]" = "iPhone Developer";
				COPY_PHASE_STRIP = NO;
				DEBUG_INFORMATION_FORMAT = "dwarf-with-dsym";
				ENABLE_NS_ASSERTIONS = NO;
				ENABLE_STRICT_OBJC_MSGSEND = YES;
				GCC_C_LANGUAGE_STANDARD = gnu99;
				GCC_NO_COMMON_BLOCKS = YES;
				GCC_WARN_64_TO_32_BIT_CONVERSION = YES;
				GCC_WARN_ABOUT_RETURN_TYPE = YES_ERROR;
				GCC_WARN_UNDECLARED_SELECTOR = YES;
				GCC_WARN_UNINITIALIZED_AUTOS = YES_AGGRESSIVE;
				GCC_WARN_UNUSED_FUNCTION = YES;
				GCC_WARN_UNUSED_VARIABLE = YES;
				IPHONEOS_DEPLOYMENT_TARGET = 10.2;
				MTL_ENABLE_DEBUG_INFO = NO;
				SDKROOT = iphoneos;
				TARGETED_DEVICE_FAMILY = "1,2";
				VALIDATE_PRODUCT = YES;
			};
			name = Release;
		};
		656F48671E8373E6001D0DAE /* Debug */ = {
			isa = XCBuildConfiguration;
			baseConfigurationReference = 1DFF242798113F1FF831EC10 /* Pods-UltTest.debug.xcconfig */;
			buildSettings = {
				ASSETCATALOG_COMPILER_APPICON_NAME = AppIcon;
				DEVELOPMENT_TEAM = M784HRVP34;
				GCC_PRECOMPILE_PREFIX_HEADER = YES;
				GCC_PREFIX_HEADER = /Users/rookie/Desktop/UltTest/UltTest/PrefixHeader.pch;
				INFOPLIST_FILE = UltTest/Info.plist;
				LD_RUNPATH_SEARCH_PATHS = "$(inherited) @executable_path/Frameworks";
				PRODUCT_BUNDLE_IDENTIFIER = com.freedom.UltTest;
				PRODUCT_NAME = "$(TARGET_NAME)";
			};
			name = Debug;
		};
		656F48681E8373E6001D0DAE /* Release */ = {
			isa = XCBuildConfiguration;
			baseConfigurationReference = 2847FEDA579BA71AEB6C725F /* Pods-UltTest.release.xcconfig */;
			buildSettings = {
				ASSETCATALOG_COMPILER_APPICON_NAME = AppIcon;
				DEVELOPMENT_TEAM = M784HRVP34;
				GCC_PRECOMPILE_PREFIX_HEADER = YES;
				GCC_PREFIX_HEADER = /Users/rookie/Desktop/UltTest/UltTest/PrefixHeader.pch;
				INFOPLIST_FILE = UltTest/Info.plist;
				LD_RUNPATH_SEARCH_PATHS = "$(inherited) @executable_path/Frameworks";
				PRODUCT_BUNDLE_IDENTIFIER = com.freedom.UltTest;
				PRODUCT_NAME = "$(TARGET_NAME)";
			};
			name = Release;
		};
		656F486A1E8373E6001D0DAE /* Debug */ = {
			isa = XCBuildConfiguration;
			buildSettings = {
				BUNDLE_LOADER = "$(TEST_HOST)";
				DEVELOPMENT_TEAM = UGTB456Y9G;
				INFOPLIST_FILE = UltTestTests/Info.plist;
				LD_RUNPATH_SEARCH_PATHS = "$(inherited) @executable_path/Frameworks @loader_path/Frameworks";
				PRODUCT_BUNDLE_IDENTIFIER = com.freedom.UltTestTests;
				PRODUCT_NAME = "$(TARGET_NAME)";
				TEST_HOST = "$(BUILT_PRODUCTS_DIR)/UltTest.app/UltTest";
			};
			name = Debug;
		};
		656F486B1E8373E6001D0DAE /* Release */ = {
			isa = XCBuildConfiguration;
			buildSettings = {
				BUNDLE_LOADER = "$(TEST_HOST)";
				DEVELOPMENT_TEAM = UGTB456Y9G;
				INFOPLIST_FILE = UltTestTests/Info.plist;
				LD_RUNPATH_SEARCH_PATHS = "$(inherited) @executable_path/Frameworks @loader_path/Frameworks";
				PRODUCT_BUNDLE_IDENTIFIER = com.freedom.UltTestTests;
				PRODUCT_NAME = "$(TARGET_NAME)";
				TEST_HOST = "$(BUILT_PRODUCTS_DIR)/UltTest.app/UltTest";
			};
			name = Release;
		};
		656F486D1E8373E6001D0DAE /* Debug */ = {
			isa = XCBuildConfiguration;
			buildSettings = {
				DEVELOPMENT_TEAM = UGTB456Y9G;
				INFOPLIST_FILE = UltTestUITests/Info.plist;
				LD_RUNPATH_SEARCH_PATHS = "$(inherited) @executable_path/Frameworks @loader_path/Frameworks";
				PRODUCT_BUNDLE_IDENTIFIER = com.freedom.UltTestUITests;
				PRODUCT_NAME = "$(TARGET_NAME)";
				TEST_TARGET_NAME = UltTest;
			};
			name = Debug;
		};
		656F486E1E8373E6001D0DAE /* Release */ = {
			isa = XCBuildConfiguration;
			buildSettings = {
				DEVELOPMENT_TEAM = UGTB456Y9G;
				INFOPLIST_FILE = UltTestUITests/Info.plist;
				LD_RUNPATH_SEARCH_PATHS = "$(inherited) @executable_path/Frameworks @loader_path/Frameworks";
				PRODUCT_BUNDLE_IDENTIFIER = com.freedom.UltTestUITests;
				PRODUCT_NAME = "$(TARGET_NAME)";
				TEST_TARGET_NAME = UltTest;
			};
			name = Release;
		};
/* End XCBuildConfiguration section */

/* Begin XCConfigurationList section */
		656F48341E8373E6001D0DAE /* Build configuration list for PBXProject "UltTest" */ = {
			isa = XCConfigurationList;
			buildConfigurations = (
				656F48641E8373E6001D0DAE /* Debug */,
				656F48651E8373E6001D0DAE /* Release */,
			);
			defaultConfigurationIsVisible = 0;
			defaultConfigurationName = Release;
		};
		656F48661E8373E6001D0DAE /* Build configuration list for PBXNativeTarget "UltTest" */ = {
			isa = XCConfigurationList;
			buildConfigurations = (
				656F48671E8373E6001D0DAE /* Debug */,
				656F48681E8373E6001D0DAE /* Release */,
			);
			defaultConfigurationIsVisible = 0;
			defaultConfigurationName = Release;
		};
		656F48691E8373E6001D0DAE /* Build configuration list for PBXNativeTarget "UltTestTests" */ = {
			isa = XCConfigurationList;
			buildConfigurations = (
				656F486A1E8373E6001D0DAE /* Debug */,
				656F486B1E8373E6001D0DAE /* Release */,
			);
			defaultConfigurationIsVisible = 0;
			defaultConfigurationName = Release;
		};
		656F486C1E8373E6001D0DAE /* Build configuration list for PBXNativeTarget "UltTestUITests" */ = {
			isa = XCConfigurationList;
			buildConfigurations = (
				656F486D1E8373E6001D0DAE /* Debug */,
				656F486E1E8373E6001D0DAE /* Release */,
			);
			defaultConfigurationIsVisible = 0;
			defaultConfigurationName = Release;
		};
/* End XCConfigurationList section */
	};
	rootObject = 656F48311E8373E6001D0DAE /* Project object */;
}
